
Microsoft Visual Studio Solution File, Format Version 12.00
Project("{2150E333-8FDC-42A3-9474-1A3956D46DE8}") = "samples", "samples", "{FC8A1B0E-7853-4FC5-A444-887A67875A5F}"
EndProject
Project("{2150E333-8FDC-42A3-9474-1A3956D46DE8}") = "src", "src", "{EB1323BF-52C2-4E53-AF17-212BB12A4A10}"
EndProject
Project("{2150E333-8FDC-42A3-9474-1A3956D46DE8}") = "tests", "tests", "{07002462-4FE6-42B5-906F-64C3F97681F6}"
EndProject
Project("{2150E333-8FDC-42A3-9474-1A3956D46DE8}") = "1.Utilities", "1.Utilities", "{963744B7-B464-4F2E-B216-4E36722985C9}"
EndProject
Project("{2150E333-8FDC-42A3-9474-1A3956D46DE8}") = "2.Core", "2.Core", "{34C8A0B3-E796-4947-9AB6-3564E3D5490F}"
EndProject
Project("{2150E333-8FDC-42A3-9474-1A3956D46DE8}") = "3.Infra", "3.Infra", "{2ACBB2AA-8B35-499D-88DA-10F4310BAE4C}"
EndProject
Project("{2150E333-8FDC-42A3-9474-1A3956D46DE8}") = "4.Endpoints", "4.Endpoints", "{19360C9F-43B6-46AC-BCC1-9BA3F9D95A98}"
EndProject
Project("{2150E333-8FDC-42A3-9474-1A3956D46DE8}") = "1.Core", "1.Core", "{29EA9AA1-362B-4806-ACB1-B0C4B6B95FA8}"
EndProject
Project("{2150E333-8FDC-42A3-9474-1A3956D46DE8}") = "2.Infra", "2.Infra", "{BDF48105-57B3-4423-98A1-FC397A2E9BD5}"
EndProject
Project("{2150E333-8FDC-42A3-9474-1A3956D46DE8}") = "3.Endpoints", "3.Endpoints", "{C2C429D4-FE73-4730-A972-28B6D48B4DCC}"
EndProject
Project("{FAE04EC0-301F-11D3-BF4B-00C04F79EFBC}") = "Earth.Utilities", "Earth.Utilities\Earth.Utilities.csproj", "{B70C7C4C-2D89-4090-9160-D5E9F25CC01F}"
EndProject
Project("{FAE04EC0-301F-11D3-BF4B-00C04F79EFBC}") = "Earth.Core.Domain", "Earth.Core.Domain\Earth.Core.Domain.csproj", "{7668C35E-4BF3-4C94-B8FB-DFB27AA44828}"
EndProject
Project("{FAE04EC0-301F-11D3-BF4B-00C04F79EFBC}") = "Earth.Core.ApplicationServices", "Earth.Core.ApplicationServices\Earth.Core.ApplicationServices.csproj", "{DAFAA3D2-0C00-46D4-8AB1-CE847DD38E10}"
EndProject
Project("{FAE04EC0-301F-11D3-BF4B-00C04F79EFBC}") = "Earth.Core.Contracts", "Earth.Core.Contracts\Earth.Core.Contracts.csproj", "{DEEC99BF-1BFB-4FF2-89CD-ABB562E99E17}"
EndProject
Project("{2150E333-8FDC-42A3-9474-1A3956D46DE8}") = "Data", "Data", "{51AF087C-797A-4439-9870-6D2862DB505F}"
EndProject
Project("{FAE04EC0-301F-11D3-BF4B-00C04F79EFBC}") = "Earth.Infra.Data.Sql.Commands", "Earth.Infra.Data.Sql.Commands\Earth.Infra.Data.Sql.Commands.csproj", "{726484AA-38B7-4BA8-AA32-3D6FE7F49951}"
EndProject
Project("{FAE04EC0-301F-11D3-BF4B-00C04F79EFBC}") = "Earth.Infra.Data.Sql.Queries", "Earth.Infra.Data.Sql.Queries\Earth.Infra.Data.Sql.Queries.csproj", "{664B5574-E636-482B-A129-838A571304E3}"
EndProject
Project("{FAE04EC0-301F-11D3-BF4B-00C04F79EFBC}") = "Earth.Infra.Data.Sql", "Earth.Infra.Data.Sql\Earth.Infra.Data.Sql.csproj", "{A3D6424A-AC28-4AF5-8857-FD7E0C1A7326}"
EndProject
Project("{FAE04EC0-301F-11D3-BF4B-00C04F79EFBC}") = "Earth.Endpoints.WebApi", "Earth.Endpoints.WebApi\Earth.Endpoints.WebApi.csproj", "{3BF25E8B-6237-43A3-B3FC-EB1A618D0CFC}"
EndProject
Project("{FAE04EC0-301F-11D3-BF4B-00C04F79EFBC}") = "Earth.Samples.Core.Domain", "Earth.Samples.Core.Domain\Earth.Samples.Core.Domain.csproj", "{BB023DEF-E9D7-4184-8E17-E43615262962}"
EndProject
Project("{FAE04EC0-301F-11D3-BF4B-00C04F79EFBC}") = "Earth.Samples.Core.Contracts", "Earth.Samples.Core.Contracts\Earth.Samples.Core.Contracts.csproj", "{889D0F15-5CAC-4839-BD65-3E7D6008C800}"
EndProject
Project("{FAE04EC0-301F-11D3-BF4B-00C04F79EFBC}") = "Earth.Samples.Core.ApplicationServices", "Earth.Samples.Core.ApplicationServices\Earth.Samples.Core.ApplicationServices.csproj", "{7B42C439-EB3A-4910-93EB-ED401104E385}"
EndProject
Project("{2150E333-8FDC-42A3-9474-1A3956D46DE8}") = "Data", "Data", "{13D2ED54-A71B-47CF-838A-4F9F971EC3A1}"
EndProject
Project("{FAE04EC0-301F-11D3-BF4B-00C04F79EFBC}") = "Earth.Samples.Infra.Data.SqlCommands", "Earth.Samples.Infra.Data.SqlCommands\Earth.Samples.Infra.Data.SqlCommands.csproj", "{C847CDF4-EB33-4EA8-BA6F-AC45230EC3D6}"
EndProject
Project("{FAE04EC0-301F-11D3-BF4B-00C04F79EFBC}") = "Earth.Samples.Infra.Data.SqlQueries", "Earth.Samples.Infra.Data.SqlQueries\Earth.Samples.Infra.Data.SqlQueries.csproj", "{A9127B6B-F972-4C5F-8C54-493F90BB6133}"
EndProject
Project("{FAE04EC0-301F-11D3-BF4B-00C04F79EFBC}") = "Earth.Samples.Endpoints.WebApi", "Earth.Samples.Endpoints.WebApi\Earth.Samples.Endpoints.WebApi.csproj", "{E177AE08-906E-4A47-A3DE-AB5BF381FC5B}"
EndProject
Project("{FAE04EC0-301F-11D3-BF4B-00C04F79EFBC}") = "Earth.Core.Domain.Toolkits", "Earth.Core.Domain.Toolkits\Earth.Core.Domain.Toolkits.csproj", "{BA5B0F4A-C781-43EB-9550-A2503B47CABF}"
EndProject
Global
	GlobalSection(SolutionConfigurationPlatforms) = preSolution
		Debug|Any CPU = Debug|Any CPU
		Release|Any CPU = Release|Any CPU
	EndGlobalSection
	GlobalSection(NestedProjects) = preSolution
		{963744B7-B464-4F2E-B216-4E36722985C9} = {EB1323BF-52C2-4E53-AF17-212BB12A4A10}
		{34C8A0B3-E796-4947-9AB6-3564E3D5490F} = {EB1323BF-52C2-4E53-AF17-212BB12A4A10}
		{2ACBB2AA-8B35-499D-88DA-10F4310BAE4C} = {EB1323BF-52C2-4E53-AF17-212BB12A4A10}
		{19360C9F-43B6-46AC-BCC1-9BA3F9D95A98} = {EB1323BF-52C2-4E53-AF17-212BB12A4A10}
		{29EA9AA1-362B-4806-ACB1-B0C4B6B95FA8} = {FC8A1B0E-7853-4FC5-A444-887A67875A5F}
		{BDF48105-57B3-4423-98A1-FC397A2E9BD5} = {FC8A1B0E-7853-4FC5-A444-887A67875A5F}
		{C2C429D4-FE73-4730-A972-28B6D48B4DCC} = {FC8A1B0E-7853-4FC5-A444-887A67875A5F}
		{B70C7C4C-2D89-4090-9160-D5E9F25CC01F} = {963744B7-B464-4F2E-B216-4E36722985C9}
		{7668C35E-4BF3-4C94-B8FB-DFB27AA44828} = {34C8A0B3-E796-4947-9AB6-3564E3D5490F}
		{DAFAA3D2-0C00-46D4-8AB1-CE847DD38E10} = {34C8A0B3-E796-4947-9AB6-3564E3D5490F}
		{DEEC99BF-1BFB-4FF2-89CD-ABB562E99E17} = {34C8A0B3-E796-4947-9AB6-3564E3D5490F}
		{51AF087C-797A-4439-9870-6D2862DB505F} = {2ACBB2AA-8B35-499D-88DA-10F4310BAE4C}
		{726484AA-38B7-4BA8-AA32-3D6FE7F49951} = {51AF087C-797A-4439-9870-6D2862DB505F}
		{664B5574-E636-482B-A129-838A571304E3} = {51AF087C-797A-4439-9870-6D2862DB505F}
		{A3D6424A-AC28-4AF5-8857-FD7E0C1A7326} = {51AF087C-797A-4439-9870-6D2862DB505F}
		{3BF25E8B-6237-43A3-B3FC-EB1A618D0CFC} = {19360C9F-43B6-46AC-BCC1-9BA3F9D95A98}
		{BB023DEF-E9D7-4184-8E17-E43615262962} = {29EA9AA1-362B-4806-ACB1-B0C4B6B95FA8}
		{889D0F15-5CAC-4839-BD65-3E7D6008C800} = {29EA9AA1-362B-4806-ACB1-B0C4B6B95FA8}
		{7B42C439-EB3A-4910-93EB-ED401104E385} = {29EA9AA1-362B-4806-ACB1-B0C4B6B95FA8}
		{13D2ED54-A71B-47CF-838A-4F9F971EC3A1} = {BDF48105-57B3-4423-98A1-FC397A2E9BD5}
		{C847CDF4-EB33-4EA8-BA6F-AC45230EC3D6} = {13D2ED54-A71B-47CF-838A-4F9F971EC3A1}
		{A9127B6B-F972-4C5F-8C54-493F90BB6133} = {13D2ED54-A71B-47CF-838A-4F9F971EC3A1}
		{E177AE08-906E-4A47-A3DE-AB5BF381FC5B} = {C2C429D4-FE73-4730-A972-28B6D48B4DCC}
		{BA5B0F4A-C781-43EB-9550-A2503B47CABF} = {34C8A0B3-E796-4947-9AB6-3564E3D5490F}
	EndGlobalSection
	GlobalSection(ProjectConfigurationPlatforms) = postSolution
		{B70C7C4C-2D89-4090-9160-D5E9F25CC01F}.Debug|Any CPU.ActiveCfg = Debug|Any CPU
		{B70C7C4C-2D89-4090-9160-D5E9F25CC01F}.Debug|Any CPU.Build.0 = Debug|Any CPU
		{B70C7C4C-2D89-4090-9160-D5E9F25CC01F}.Release|Any CPU.ActiveCfg = Release|Any CPU
		{B70C7C4C-2D89-4090-9160-D5E9F25CC01F}.Release|Any CPU.Build.0 = Release|Any CPU
		{7668C35E-4BF3-4C94-B8FB-DFB27AA44828}.Debug|Any CPU.ActiveCfg = Debug|Any CPU
		{7668C35E-4BF3-4C94-B8FB-DFB27AA44828}.Debug|Any CPU.Build.0 = Debug|Any CPU
		{7668C35E-4BF3-4C94-B8FB-DFB27AA44828}.Release|Any CPU.ActiveCfg = Release|Any CPU
		{7668C35E-4BF3-4C94-B8FB-DFB27AA44828}.Release|Any CPU.Build.0 = Release|Any CPU
		{DAFAA3D2-0C00-46D4-8AB1-CE847DD38E10}.Debug|Any CPU.ActiveCfg = Debug|Any CPU
		{DAFAA3D2-0C00-46D4-8AB1-CE847DD38E10}.Debug|Any CPU.Build.0 = Debug|Any CPU
		{DAFAA3D2-0C00-46D4-8AB1-CE847DD38E10}.Release|Any CPU.ActiveCfg = Release|Any CPU
		{DAFAA3D2-0C00-46D4-8AB1-CE847DD38E10}.Release|Any CPU.Build.0 = Release|Any CPU
		{DEEC99BF-1BFB-4FF2-89CD-ABB562E99E17}.Debug|Any CPU.ActiveCfg = Debug|Any CPU
		{DEEC99BF-1BFB-4FF2-89CD-ABB562E99E17}.Debug|Any CPU.Build.0 = Debug|Any CPU
		{DEEC99BF-1BFB-4FF2-89CD-ABB562E99E17}.Release|Any CPU.ActiveCfg = Release|Any CPU
		{DEEC99BF-1BFB-4FF2-89CD-ABB562E99E17}.Release|Any CPU.Build.0 = Release|Any CPU
		{726484AA-38B7-4BA8-AA32-3D6FE7F49951}.Debug|Any CPU.ActiveCfg = Debug|Any CPU
		{726484AA-38B7-4BA8-AA32-3D6FE7F49951}.Debug|Any CPU.Build.0 = Debug|Any CPU
		{726484AA-38B7-4BA8-AA32-3D6FE7F49951}.Release|Any CPU.ActiveCfg = Release|Any CPU
		{726484AA-38B7-4BA8-AA32-3D6FE7F49951}.Release|Any CPU.Build.0 = Release|Any CPU
		{664B5574-E636-482B-A129-838A571304E3}.Debug|Any CPU.ActiveCfg = Debug|Any CPU
		{664B5574-E636-482B-A129-838A571304E3}.Debug|Any CPU.Build.0 = Debug|Any CPU
		{664B5574-E636-482B-A129-838A571304E3}.Release|Any CPU.ActiveCfg = Release|Any CPU
		{664B5574-E636-482B-A129-838A571304E3}.Release|Any CPU.Build.0 = Release|Any CPU
		{A3D6424A-AC28-4AF5-8857-FD7E0C1A7326}.Debug|Any CPU.ActiveCfg = Debug|Any CPU
		{A3D6424A-AC28-4AF5-8857-FD7E0C1A7326}.Debug|Any CPU.Build.0 = Debug|Any CPU
		{A3D6424A-AC28-4AF5-8857-FD7E0C1A7326}.Release|Any CPU.ActiveCfg = Release|Any CPU
		{A3D6424A-AC28-4AF5-8857-FD7E0C1A7326}.Release|Any CPU.Build.0 = Release|Any CPU
		{3BF25E8B-6237-43A3-B3FC-EB1A618D0CFC}.Debug|Any CPU.ActiveCfg = Debug|Any CPU
		{3BF25E8B-6237-43A3-B3FC-EB1A618D0CFC}.Debug|Any CPU.Build.0 = Debug|Any CPU
		{3BF25E8B-6237-43A3-B3FC-EB1A618D0CFC}.Release|Any CPU.ActiveCfg = Release|Any CPU
		{3BF25E8B-6237-43A3-B3FC-EB1A618D0CFC}.Release|Any CPU.Build.0 = Release|Any CPU
		{BB023DEF-E9D7-4184-8E17-E43615262962}.Debug|Any CPU.ActiveCfg = Debug|Any CPU
		{BB023DEF-E9D7-4184-8E17-E43615262962}.Debug|Any CPU.Build.0 = Debug|Any CPU
		{BB023DEF-E9D7-4184-8E17-E43615262962}.Release|Any CPU.ActiveCfg = Release|Any CPU
		{BB023DEF-E9D7-4184-8E17-E43615262962}.Release|Any CPU.Build.0 = Release|Any CPU
		{889D0F15-5CAC-4839-BD65-3E7D6008C800}.Debug|Any CPU.ActiveCfg = Debug|Any CPU
		{889D0F15-5CAC-4839-BD65-3E7D6008C800}.Debug|Any CPU.Build.0 = Debug|Any CPU
		{889D0F15-5CAC-4839-BD65-3E7D6008C800}.Release|Any CPU.ActiveCfg = Release|Any CPU
		{889D0F15-5CAC-4839-BD65-3E7D6008C800}.Release|Any CPU.Build.0 = Release|Any CPU
		{7B42C439-EB3A-4910-93EB-ED401104E385}.Debug|Any CPU.ActiveCfg = Debug|Any CPU
		{7B42C439-EB3A-4910-93EB-ED401104E385}.Debug|Any CPU.Build.0 = Debug|Any CPU
		{7B42C439-EB3A-4910-93EB-ED401104E385}.Release|Any CPU.ActiveCfg = Release|Any CPU
		{7B42C439-EB3A-4910-93EB-ED401104E385}.Release|Any CPU.Build.0 = Release|Any CPU
		{C847CDF4-EB33-4EA8-BA6F-AC45230EC3D6}.Debug|Any CPU.ActiveCfg = Debug|Any CPU
		{C847CDF4-EB33-4EA8-BA6F-AC45230EC3D6}.Debug|Any CPU.Build.0 = Debug|Any CPU
		{C847CDF4-EB33-4EA8-BA6F-AC45230EC3D6}.Release|Any CPU.ActiveCfg = Release|Any CPU
		{C847CDF4-EB33-4EA8-BA6F-AC45230EC3D6}.Release|Any CPU.Build.0 = Release|Any CPU
		{A9127B6B-F972-4C5F-8C54-493F90BB6133}.Debug|Any CPU.ActiveCfg = Debug|Any CPU
		{A9127B6B-F972-4C5F-8C54-493F90BB6133}.Debug|Any CPU.Build.0 = Debug|Any CPU
		{A9127B6B-F972-4C5F-8C54-493F90BB6133}.Release|Any CPU.ActiveCfg = Release|Any CPU
		{A9127B6B-F972-4C5F-8C54-493F90BB6133}.Release|Any CPU.Build.0 = Release|Any CPU
		{E177AE08-906E-4A47-A3DE-AB5BF381FC5B}.Debug|Any CPU.ActiveCfg = Debug|Any CPU
		{E177AE08-906E-4A47-A3DE-AB5BF381FC5B}.Debug|Any CPU.Build.0 = Debug|Any CPU
		{E177AE08-906E-4A47-A3DE-AB5BF381FC5B}.Release|Any CPU.ActiveCfg = Release|Any CPU
		{E177AE08-906E-4A47-A3DE-AB5BF381FC5B}.Release|Any CPU.Build.0 = Release|Any CPU
		{BA5B0F4A-C781-43EB-9550-A2503B47CABF}.Debug|Any CPU.ActiveCfg = Debug|Any CPU
		{BA5B0F4A-C781-43EB-9550-A2503B47CABF}.Debug|Any CPU.Build.0 = Debug|Any CPU
		{BA5B0F4A-C781-43EB-9550-A2503B47CABF}.Release|Any CPU.ActiveCfg = Release|Any CPU
		{BA5B0F4A-C781-43EB-9550-A2503B47CABF}.Release|Any CPU.Build.0 = Release|Any CPU
	EndGlobalSection
EndGlobal
